PODS:
  - Flutter (1.0.0)
  - synerise_flutter (0.0.1):
    - Flutter
    - SyneriseSDK
  - SyneriseSDK (3.10.0)

DEPENDENCIES:
  - Flutter (from `Flutter`)
  - synerise_flutter (from `.symlinks/plugins/synerise_flutter/ios`)
  - SyneriseSDK

SPEC REPOS:
  trunk:
    - SyneriseSDK

EXTERNAL SOURCES:
  Flutter:
    :path: Flutter
  synerise_flutter:
    :path: ".symlinks/plugins/synerise_flutter/ios"

SPEC CHECKSUMS:
  Flutter: 50d75fe2f02b26cc09d224853bb45737f8b3214a
  synerise_flutter: c26492b4268ab49a9d718a93bb1030d60d9651a3
  SyneriseSDK: 72055a7838a67cb1136d0a4fd53aaa586b56d6d5

PODFILE CHECKSUM: 2777247521dde1c4e1752da46228a222258fd422

COCOAPODS: 1.11.2
